
Microsoft Visual Studio Solution File, Format Version 12.00
# Visual Studio Version 17
VisualStudioVersion = 17.4.33403.182
MinimumVisualStudioVersion = 10.0.40219.1
Project("{2150E333-8FDC-42A3-9474-1A3956D46DE8}") = "Core", "Core", "{DF25EAA6-730E-45DE-8868-B0BB663D1105}"
EndProject
Project("{2150E333-8FDC-42A3-9474-1A3956D46DE8}") = "Web", "Web", "{A3955A39-9233-4A86-9EFD-304B05FE9F7D}"
EndProject
Project("{2150E333-8FDC-42A3-9474-1A3956D46DE8}") = "DataAccess", "DataAccess", "{31030C98-073A-46D9-AB61-DC3E4AB2786F}"
EndProject
Project("{2150E333-8FDC-42A3-9474-1A3956D46DE8}") = "Infrastructure", "Infrastructure", "{EEF4E856-4F0C-4800-969F-A458BA71D611}"
EndProject
Project("{2150E333-8FDC-42A3-9474-1A3956D46DE8}") = "Server", "Server", "{54AEB5A3-0492-4029-80FA-EB38FA5FF16F}"
EndProject
Project("{9A19103F-16F7-4668-BE54-9A1E7A4F7556}") = "Web.Server", "Web.Server\Web.Server.csproj", "{BA1FF5FB-CB63-4F90-87F7-402419700EE8}"
EndProject
Project("{9A19103F-16F7-4668-BE54-9A1E7A4F7556}") = "Web.Domain", "Web.Domain\Web.Domain.csproj", "{15235BCA-B5AB-4920-96F8-6AABE2D67EA0}"
EndProject
Project("{9A19103F-16F7-4668-BE54-9A1E7A4F7556}") = "Web.Application", "Web.Application\Web.Application.csproj", "{C1AD0C4C-6944-4F43-ABEE-505E151A1D9A}"
EndProject
Project("{9A19103F-16F7-4668-BE54-9A1E7A4F7556}") = "Core.Infrastructure", "Core.Infrastructure\Core.Infrastructure.csproj", "{408B55E6-20F1-4B92-8A96-9073081761D0}"
EndProject
Project("{9A19103F-16F7-4668-BE54-9A1E7A4F7556}") = "Core.DataAccess", "Core.DataAccess\Core.DataAccess.csproj", "{9549DFA2-4C32-4282-BAD3-79F54444B63E}"
EndProject
Global
	GlobalSection(SolutionConfigurationPlatforms) = preSolution
		Debug|Any CPU = Debug|Any CPU
		Release|Any CPU = Release|Any CPU
	EndGlobalSection
	GlobalSection(ProjectConfigurationPlatforms) = postSolution
		{BA1FF5FB-CB63-4F90-87F7-402419700EE8}.Debug|Any CPU.ActiveCfg = Debug|Any CPU
		{BA1FF5FB-CB63-4F90-87F7-402419700EE8}.Debug|Any CPU.Build.0 = Debug|Any CPU
		{BA1FF5FB-CB63-4F90-87F7-402419700EE8}.Release|Any CPU.ActiveCfg = Release|Any CPU
		{BA1FF5FB-CB63-4F90-87F7-402419700EE8}.Release|Any CPU.Build.0 = Release|Any CPU
		{15235BCA-B5AB-4920-96F8-6AABE2D67EA0}.Debug|Any CPU.ActiveCfg = Debug|Any CPU
		{15235BCA-B5AB-4920-96F8-6AABE2D67EA0}.Debug|Any CPU.Build.0 = Debug|Any CPU
		{15235BCA-B5AB-4920-96F8-6AABE2D67EA0}.Release|Any CPU.ActiveCfg = Release|Any CPU
		{15235BCA-B5AB-4920-96F8-6AABE2D67EA0}.Release|Any CPU.Build.0 = Release|Any CPU
		{C1AD0C4C-6944-4F43-ABEE-505E151A1D9A}.Debug|Any CPU.ActiveCfg = Debug|Any CPU
		{C1AD0C4C-6944-4F43-ABEE-505E151A1D9A}.Debug|Any CPU.Build.0 = Debug|Any CPU
		{C1AD0C4C-6944-4F43-ABEE-505E151A1D9A}.Release|Any CPU.ActiveCfg = Release|Any CPU
		{C1AD0C4C-6944-4F43-ABEE-505E151A1D9A}.Release|Any CPU.Build.0 = Release|Any CPU
		{408B55E6-20F1-4B92-8A96-9073081761D0}.Debug|Any CPU.ActiveCfg = Debug|Any CPU
		{408B55E6-20F1-4B92-8A96-9073081761D0}.Debug|Any CPU.Build.0 = Debug|Any CPU
		{408B55E6-20F1-4B92-8A96-9073081761D0}.Release|Any CPU.ActiveCfg = Release|Any CPU
		{408B55E6-20F1-4B92-8A96-9073081761D0}.Release|Any CPU.Build.0 = Release|Any CPU
		{9549DFA2-4C32-4282-BAD3-79F54444B63E}.Debug|Any CPU.ActiveCfg = Debug|Any CPU
		{9549DFA2-4C32-4282-BAD3-79F54444B63E}.Debug|Any CPU.Build.0 = Debug|Any CPU
		{9549DFA2-4C32-4282-BAD3-79F54444B63E}.Release|Any CPU.ActiveCfg = Release|Any CPU
		{9549DFA2-4C32-4282-BAD3-79F54444B63E}.Release|Any CPU.Build.0 = Release|Any CPU
	EndGlobalSection
	GlobalSection(SolutionProperties) = preSolution
		HideSolutionNode = FALSE
	EndGlobalSection
	GlobalSection(NestedProjects) = preSolution
		{31030C98-073A-46D9-AB61-DC3E4AB2786F} = {DF25EAA6-730E-45DE-8868-B0BB663D1105}
		{EEF4E856-4F0C-4800-969F-A458BA71D611} = {DF25EAA6-730E-45DE-8868-B0BB663D1105}
		{54AEB5A3-0492-4029-80FA-EB38FA5FF16F} = {A3955A39-9233-4A86-9EFD-304B05FE9F7D}
		{BA1FF5FB-CB63-4F90-87F7-402419700EE8} = {54AEB5A3-0492-4029-80FA-EB38FA5FF16F}
		{15235BCA-B5AB-4920-96F8-6AABE2D67EA0} = {54AEB5A3-0492-4029-80FA-EB38FA5FF16F}
		{C1AD0C4C-6944-4F43-ABEE-505E151A1D9A} = {54AEB5A3-0492-4029-80FA-EB38FA5FF16F}
		{408B55E6-20F1-4B92-8A96-9073081761D0} = {EEF4E856-4F0C-4800-969F-A458BA71D611}
		{9549DFA2-4C32-4282-BAD3-79F54444B63E} = {31030C98-073A-46D9-AB61-DC3E4AB2786F}
	EndGlobalSection
	GlobalSection(ExtensibilityGlobals) = postSolution
		SolutionGuid = {01EC30E3-55C4-4589-B7CC-338844F9A352}
	EndGlobalSection
EndGlobal
